
Microsoft Visual Studio Solution File, Format Version 12.00
# Visual Studio Version 17
VisualStudioVersion = 17.14.37027.9 d17.14
MinimumVisualStudioVersion = 10.0.40219.1
Project("{FAE04EC0-301F-11D3-BF4B-00C04F79EFBC}") = "CandyCli", "CandyCli\CandyCli.csproj", "{E238B469-2C8C-4EF2-AA82-B06DCB38BA8A}"
EndProject
Global
	GlobalSection(SolutionConfigurationPlatforms) = preSolution
		Debug|Any CPU = Debug|Any CPU
		Release|Any CPU = Release|Any CPU
	EndGlobalSection
	GlobalSection(ProjectConfigurationPlatforms) = postSolution
		{E238B469-2C8C-4EF2-AA82-B06DCB38BA8A}.Debug|Any CPU.ActiveCfg = Debug|Any CPU
		{E238B469-2C8C-4EF2-AA82-B06DCB38BA8A}.Debug|Any CPU.Build.0 = Debug|Any CPU
		{E238B469-2C8C-4EF2-AA82-B06DCB38BA8A}.Release|Any CPU.ActiveCfg = Release|Any CPU
		{E238B469-2C8C-4EF2-AA82-B06DCB38BA8A}.Release|Any CPU.Build.0 = Release|Any CPU
	EndGlobalSection
	GlobalSection(SolutionProperties) = preSolution
		HideSolutionNode = FALSE
	EndGlobalSection
	GlobalSection(ExtensibilityGlobals) = postSolution
		SolutionGuid = {487B8691-8AA5-4759-B668-F6A6E19F5520}
	EndGlobalSection
EndGlobal
